
Microsoft Visual Studio Solution File, Format Version 12.00
# Visual Studio 15
VisualStudioVersion = 15.0.28307.757
MinimumVisualStudioVersion = 10.0.40219.1
Project("{FAE04EC0-301F-11D3-BF4B-00C04F79EFBC}") = "ConsoleCoffeeShopManagemant", "ConsoleCoffeeShopManagemant\ConsoleCoffeeShopManagemant.csproj", "{2F9DB504-47B9-4759-9CE0-13024AB193C5}"
EndProject
Global
	GlobalSection(SolutionConfigurationPlatforms) = preSolution
		Debug|Any CPU = Debug|Any CPU
		Release|Any CPU = Release|Any CPU
	EndGlobalSection
	GlobalSection(ProjectConfigurationPlatforms) = postSolution
		{2F9DB504-47B9-4759-9CE0-13024AB193C5}.Debug|Any CPU.ActiveCfg = Debug|Any CPU
		{2F9DB504-47B9-4759-9CE0-13024AB193C5}.Debug|Any CPU.Build.0 = Debug|Any CPU
		{2F9DB504-47B9-4759-9CE0-13024AB193C5}.Release|Any CPU.ActiveCfg = Release|Any CPU
		{2F9DB504-47B9-4759-9CE0-13024AB193C5}.Release|Any CPU.Build.0 = Release|Any CPU
	EndGlobalSection
	GlobalSection(SolutionProperties) = preSolution
		HideSolutionNode = FALSE
	EndGlobalSection
	GlobalSection(ExtensibilityGlobals) = postSolution
		SolutionGuid = {2667C7B0-54B3-494F-A9D9-8F10BFED6E25}
	EndGlobalSection
EndGlobal
